
Microsoft Visual Studio Solution File, Format Version 12.00
# Visual Studio Version 17
VisualStudioVersion = 17.13.35825.156 d17.13
MinimumVisualStudioVersion = 10.0.40219.1
Project("{FAE04EC0-301F-11D3-BF4B-00C04F79EFBC}") = "WinForms_Hotel", "WinForms_Hotel\WinForms_Hotel.csproj", "{12A47D82-C01C-4059-A6C2-006836D42972}"
EndProject
Global
	GlobalSection(SolutionConfigurationPlatforms) = preSolution
		Debug|Any CPU = Debug|Any CPU
		Release|Any CPU = Release|Any CPU
	EndGlobalSection
	GlobalSection(ProjectConfigurationPlatforms) = postSolution
		{12A47D82-C01C-4059-A6C2-006836D42972}.Debug|Any CPU.ActiveCfg = Debug|Any CPU
		{12A47D82-C01C-4059-A6C2-006836D42972}.Debug|Any CPU.Build.0 = Debug|Any CPU
		{12A47D82-C01C-4059-A6C2-006836D42972}.Release|Any CPU.ActiveCfg = Release|Any CPU
		{12A47D82-C01C-4059-A6C2-006836D42972}.Release|Any CPU.Build.0 = Release|Any CPU
	EndGlobalSection
	GlobalSection(SolutionProperties) = preSolution
		HideSolutionNode = FALSE
	EndGlobalSection
	GlobalSection(ExtensibilityGlobals) = postSolution
		SolutionGuid = {CEF7023A-122B-4E8B-B517-FBD8CBFA7F62}
	EndGlobalSection
EndGlobal
